
Microsoft Visual Studio Solution File, Format Version 12.00
# Visual Studio Version 16
VisualStudioVersion = 16.0.31515.178
MinimumVisualStudioVersion = 10.0.40219.1
Project("{FAE04EC0-301F-11D3-BF4B-00C04F79EFBC}") = "Trippleel", "Trippleel\Trippleel.csproj", "{80DD9E7D-A3E6-4A10-860C-A27C7CFCAF25}"
EndProject
Global
	GlobalSection(SolutionConfigurationPlatforms) = preSolution
		Debug|Any CPU = Debug|Any CPU
		Release|Any CPU = Release|Any CPU
	EndGlobalSection
	GlobalSection(ProjectConfigurationPlatforms) = postSolution
		{80DD9E7D-A3E6-4A10-860C-A27C7CFCAF25}.Debug|Any CPU.ActiveCfg = Debug|Any CPU
		{80DD9E7D-A3E6-4A10-860C-A27C7CFCAF25}.Debug|Any CPU.Build.0 = Debug|Any CPU
		{80DD9E7D-A3E6-4A10-860C-A27C7CFCAF25}.Release|Any CPU.ActiveCfg = Release|Any CPU
		{80DD9E7D-A3E6-4A10-860C-A27C7CFCAF25}.Release|Any CPU.Build.0 = Release|Any CPU
	EndGlobalSection
	GlobalSection(SolutionProperties) = preSolution
		HideSolutionNode = FALSE
	EndGlobalSection
	GlobalSection(ExtensibilityGlobals) = postSolution
		SolutionGuid = {9593D2A4-45F5-4302-9873-1E7C068783E9}
	EndGlobalSection
EndGlobal
